
Microsoft Visual Studio Solution File, Format Version 12.00
Project("{2150E333-8FDC-42A3-9474-1A3956D46DE8}") = "0-Payment-Gateway", "0-Payment-Gateway", "{99767BDE-AFAE-40FE-BE1F-761259400A09}"
EndProject
Project("{2150E333-8FDC-42A3-9474-1A3956D46DE8}") = "1-Acquiring Bank", "1-Acquiring Bank", "{52AF75A0-65AD-4825-9986-74D2C030D268}"
EndProject
Project("{2150E333-8FDC-42A3-9474-1A3956D46DE8}") = "0-Presentation", "0-Presentation", "{74DE44C0-5260-46CF-BD29-905FA68ED2DC}"
EndProject
Project("{2150E333-8FDC-42A3-9474-1A3956D46DE8}") = "1-Application", "1-Application", "{D3BB5607-E277-48CF-9A67-F65633638D4F}"
EndProject
Project("{2150E333-8FDC-42A3-9474-1A3956D46DE8}") = "2-Domain", "2-Domain", "{E629971E-124B-44D0-A036-9B8059819498}"
EndProject
Project("{2150E333-8FDC-42A3-9474-1A3956D46DE8}") = "3-Data", "3-Data", "{610E3C78-40EA-4D3E-B13A-F90287456CEB}"
EndProject
Project("{2150E333-8FDC-42A3-9474-1A3956D46DE8}") = "4-Infrastructure", "4-Infrastructure", "{C1FEED9A-D9B5-43C5-A5AA-C5391E430899}"
EndProject
Project("{2150E333-8FDC-42A3-9474-1A3956D46DE8}") = "5-Crosscutting", "5-Crosscutting", "{712BCDEF-87B9-4EC6-A263-78BAA143991A}"
EndProject
Project("{FAE04EC0-301F-11D3-BF4B-00C04F79EFBC}") = "PaymentGateway.Application", "src\PaymentGateway.Application\PaymentGateway.Application.csproj", "{76997128-3086-4B0C-88EC-E952772A99D0}"
EndProject
Project("{FAE04EC0-301F-11D3-BF4B-00C04F79EFBC}") = "PaymentGateway.Api", "src\PaymentGateway.Api\PaymentGateway.Api.csproj", "{7DEFDBC5-B195-45A8-8D0D-D3D3337AF46F}"
EndProject
Project("{FAE04EC0-301F-11D3-BF4B-00C04F79EFBC}") = "PaymentGateway.Dto", "src\PaymentGateway.Dto\PaymentGateway.Dto.csproj", "{2D974B88-13E8-4B89-92BE-7347A84E20CE}"
EndProject
Project("{FAE04EC0-301F-11D3-BF4B-00C04F79EFBC}") = "PaymentGateway.Api.Test", "tests\PaymentGateway.Api.Test\PaymentGateway.Api.Test.csproj", "{22669200-D74F-4564-9660-B7A709F2D8F8}"
EndProject
Project("{FAE04EC0-301F-11D3-BF4B-00C04F79EFBC}") = "PaymentGateway.Application.Test", "tests\PaymentGateway.Application.Test\PaymentGateway.Application.Test.csproj", "{E42AD077-6422-4614-9258-0E80BE192615}"
EndProject
Project("{FAE04EC0-301F-11D3-BF4B-00C04F79EFBC}") = "PaymentGateway.Interfaces", "src\PaymentGateway.Interfaces\PaymentGateway.Interfaces.csproj", "{51315917-C96A-4B9B-9B9D-5B4299E24CEB}"
EndProject
Project("{FAE04EC0-301F-11D3-BF4B-00C04F79EFBC}") = "PaymentGateway.Domain", "src\PaymentGateway.Domain\PaymentGateway.Domain.csproj", "{E0D05BB8-B5F6-4BD4-8E63-994301166280}"
EndProject
Project("{FAE04EC0-301F-11D3-BF4B-00C04F79EFBC}") = "PaymentGateway.Data", "src\PaymentGateway.Data\PaymentGateway.Data.csproj", "{C384F8F5-FDC2-467D-B55A-F670B6125417}"
EndProject
Project("{FAE04EC0-301F-11D3-BF4B-00C04F79EFBC}") = "PaymentGateway.Domain.Test", "tests\PaymentGateway.Domain.Test\PaymentGateway.Domain.Test.csproj", "{EC139CB9-7D05-45EE-A31B-D31F57D0C1B8}"
EndProject
Project("{FAE04EC0-301F-11D3-BF4B-00C04F79EFBC}") = "PaymentGateway.Infrastructure", "src\PaymentGateway.Infrastructure\PaymentGateway.Infrastructure.csproj", "{642A60E8-23E6-4E9B-B525-50F11347E97B}"
EndProject
Project("{FAE04EC0-301F-11D3-BF4B-00C04F79EFBC}") = "PaymentGateway.Infrastructure.Test", "tests\PaymentGateway.Infrastructure.Test\PaymentGateway.Infrastructure.Test.csproj", "{C77905F2-7AD8-4B00-9922-FA33A6FCA408}"
EndProject
Project("{FAE04EC0-301F-11D3-BF4B-00C04F79EFBC}") = "AcquiringBank.SDK", "src\AcquiringBank.SDK\AcquiringBank.SDK.csproj", "{F9B6AD5E-7B61-4488-8875-7864E717D143}"
EndProject
Global
	GlobalSection(SolutionConfigurationPlatforms) = preSolution
		Debug|Any CPU = Debug|Any CPU
		Release|Any CPU = Release|Any CPU
	EndGlobalSection
	GlobalSection(NestedProjects) = preSolution
		{74DE44C0-5260-46CF-BD29-905FA68ED2DC} = {99767BDE-AFAE-40FE-BE1F-761259400A09}
		{D3BB5607-E277-48CF-9A67-F65633638D4F} = {99767BDE-AFAE-40FE-BE1F-761259400A09}
		{E629971E-124B-44D0-A036-9B8059819498} = {99767BDE-AFAE-40FE-BE1F-761259400A09}
		{610E3C78-40EA-4D3E-B13A-F90287456CEB} = {99767BDE-AFAE-40FE-BE1F-761259400A09}
		{C1FEED9A-D9B5-43C5-A5AA-C5391E430899} = {99767BDE-AFAE-40FE-BE1F-761259400A09}
		{712BCDEF-87B9-4EC6-A263-78BAA143991A} = {99767BDE-AFAE-40FE-BE1F-761259400A09}
		{76997128-3086-4B0C-88EC-E952772A99D0} = {D3BB5607-E277-48CF-9A67-F65633638D4F}
		{7DEFDBC5-B195-45A8-8D0D-D3D3337AF46F} = {74DE44C0-5260-46CF-BD29-905FA68ED2DC}
		{2D974B88-13E8-4B89-92BE-7347A84E20CE} = {712BCDEF-87B9-4EC6-A263-78BAA143991A}
		{22669200-D74F-4564-9660-B7A709F2D8F8} = {74DE44C0-5260-46CF-BD29-905FA68ED2DC}
		{E42AD077-6422-4614-9258-0E80BE192615} = {D3BB5607-E277-48CF-9A67-F65633638D4F}
		{51315917-C96A-4B9B-9B9D-5B4299E24CEB} = {E629971E-124B-44D0-A036-9B8059819498}
		{E0D05BB8-B5F6-4BD4-8E63-994301166280} = {E629971E-124B-44D0-A036-9B8059819498}
		{C384F8F5-FDC2-467D-B55A-F670B6125417} = {610E3C78-40EA-4D3E-B13A-F90287456CEB}
		{EC139CB9-7D05-45EE-A31B-D31F57D0C1B8} = {E629971E-124B-44D0-A036-9B8059819498}
		{642A60E8-23E6-4E9B-B525-50F11347E97B} = {C1FEED9A-D9B5-43C5-A5AA-C5391E430899}
		{C77905F2-7AD8-4B00-9922-FA33A6FCA408} = {C1FEED9A-D9B5-43C5-A5AA-C5391E430899}
		{F9B6AD5E-7B61-4488-8875-7864E717D143} = {52AF75A0-65AD-4825-9986-74D2C030D268}
	EndGlobalSection
	GlobalSection(ProjectConfigurationPlatforms) = postSolution
		{76997128-3086-4B0C-88EC-E952772A99D0}.Debug|Any CPU.ActiveCfg = Debug|Any CPU
		{76997128-3086-4B0C-88EC-E952772A99D0}.Debug|Any CPU.Build.0 = Debug|Any CPU
		{76997128-3086-4B0C-88EC-E952772A99D0}.Release|Any CPU.ActiveCfg = Release|Any CPU
		{76997128-3086-4B0C-88EC-E952772A99D0}.Release|Any CPU.Build.0 = Release|Any CPU
		{7DEFDBC5-B195-45A8-8D0D-D3D3337AF46F}.Debug|Any CPU.ActiveCfg = Debug|Any CPU
		{7DEFDBC5-B195-45A8-8D0D-D3D3337AF46F}.Debug|Any CPU.Build.0 = Debug|Any CPU
		{7DEFDBC5-B195-45A8-8D0D-D3D3337AF46F}.Release|Any CPU.ActiveCfg = Release|Any CPU
		{7DEFDBC5-B195-45A8-8D0D-D3D3337AF46F}.Release|Any CPU.Build.0 = Release|Any CPU
		{2D974B88-13E8-4B89-92BE-7347A84E20CE}.Debug|Any CPU.ActiveCfg = Debug|Any CPU
		{2D974B88-13E8-4B89-92BE-7347A84E20CE}.Debug|Any CPU.Build.0 = Debug|Any CPU
		{2D974B88-13E8-4B89-92BE-7347A84E20CE}.Release|Any CPU.ActiveCfg = Release|Any CPU
		{2D974B88-13E8-4B89-92BE-7347A84E20CE}.Release|Any CPU.Build.0 = Release|Any CPU
		{22669200-D74F-4564-9660-B7A709F2D8F8}.Debug|Any CPU.ActiveCfg = Debug|Any CPU
		{22669200-D74F-4564-9660-B7A709F2D8F8}.Debug|Any CPU.Build.0 = Debug|Any CPU
		{22669200-D74F-4564-9660-B7A709F2D8F8}.Release|Any CPU.ActiveCfg = Release|Any CPU
		{22669200-D74F-4564-9660-B7A709F2D8F8}.Release|Any CPU.Build.0 = Release|Any CPU
		{E42AD077-6422-4614-9258-0E80BE192615}.Debug|Any CPU.ActiveCfg = Debug|Any CPU
		{E42AD077-6422-4614-9258-0E80BE192615}.Debug|Any CPU.Build.0 = Debug|Any CPU
		{E42AD077-6422-4614-9258-0E80BE192615}.Release|Any CPU.ActiveCfg = Release|Any CPU
		{E42AD077-6422-4614-9258-0E80BE192615}.Release|Any CPU.Build.0 = Release|Any CPU
		{51315917-C96A-4B9B-9B9D-5B4299E24CEB}.Debug|Any CPU.ActiveCfg = Debug|Any CPU
		{51315917-C96A-4B9B-9B9D-5B4299E24CEB}.Debug|Any CPU.Build.0 = Debug|Any CPU
		{51315917-C96A-4B9B-9B9D-5B4299E24CEB}.Release|Any CPU.ActiveCfg = Release|Any CPU
		{51315917-C96A-4B9B-9B9D-5B4299E24CEB}.Release|Any CPU.Build.0 = Release|Any CPU
		{E0D05BB8-B5F6-4BD4-8E63-994301166280}.Debug|Any CPU.ActiveCfg = Debug|Any CPU
		{E0D05BB8-B5F6-4BD4-8E63-994301166280}.Debug|Any CPU.Build.0 = Debug|Any CPU
		{E0D05BB8-B5F6-4BD4-8E63-994301166280}.Release|Any CPU.ActiveCfg = Release|Any CPU
		{E0D05BB8-B5F6-4BD4-8E63-994301166280}.Release|Any CPU.Build.0 = Release|Any CPU
		{C384F8F5-FDC2-467D-B55A-F670B6125417}.Debug|Any CPU.ActiveCfg = Debug|Any CPU
		{C384F8F5-FDC2-467D-B55A-F670B6125417}.Debug|Any CPU.Build.0 = Debug|Any CPU
		{C384F8F5-FDC2-467D-B55A-F670B6125417}.Release|Any CPU.ActiveCfg = Release|Any CPU
		{C384F8F5-FDC2-467D-B55A-F670B6125417}.Release|Any CPU.Build.0 = Release|Any CPU
		{EC139CB9-7D05-45EE-A31B-D31F57D0C1B8}.Debug|Any CPU.ActiveCfg = Debug|Any CPU
		{EC139CB9-7D05-45EE-A31B-D31F57D0C1B8}.Debug|Any CPU.Build.0 = Debug|Any CPU
		{EC139CB9-7D05-45EE-A31B-D31F57D0C1B8}.Release|Any CPU.ActiveCfg = Release|Any CPU
		{EC139CB9-7D05-45EE-A31B-D31F57D0C1B8}.Release|Any CPU.Build.0 = Release|Any CPU
		{642A60E8-23E6-4E9B-B525-50F11347E97B}.Debug|Any CPU.ActiveCfg = Debug|Any CPU
		{642A60E8-23E6-4E9B-B525-50F11347E97B}.Debug|Any CPU.Build.0 = Debug|Any CPU
		{642A60E8-23E6-4E9B-B525-50F11347E97B}.Release|Any CPU.ActiveCfg = Release|Any CPU
		{642A60E8-23E6-4E9B-B525-50F11347E97B}.Release|Any CPU.Build.0 = Release|Any CPU
		{C77905F2-7AD8-4B00-9922-FA33A6FCA408}.Debug|Any CPU.ActiveCfg = Debug|Any CPU
		{C77905F2-7AD8-4B00-9922-FA33A6FCA408}.Debug|Any CPU.Build.0 = Debug|Any CPU
		{C77905F2-7AD8-4B00-9922-FA33A6FCA408}.Release|Any CPU.ActiveCfg = Release|Any CPU
		{C77905F2-7AD8-4B00-9922-FA33A6FCA408}.Release|Any CPU.Build.0 = Release|Any CPU
		{F9B6AD5E-7B61-4488-8875-7864E717D143}.Debug|Any CPU.ActiveCfg = Debug|Any CPU
		{F9B6AD5E-7B61-4488-8875-7864E717D143}.Debug|Any CPU.Build.0 = Debug|Any CPU
		{F9B6AD5E-7B61-4488-8875-7864E717D143}.Release|Any CPU.ActiveCfg = Release|Any CPU
		{F9B6AD5E-7B61-4488-8875-7864E717D143}.Release|Any CPU.Build.0 = Release|Any CPU
	EndGlobalSection
EndGlobal
